// !$*UTF8*$!
{
	archiveVersion = 1;
	classes = {
	};
	objectVersion = 50;
	objects = {

/* Begin PBXBuildFile section */
		0C23A33982EACDEF25E80AAE /* Pods_TPM_VendorTests.framework in Frameworks */ = {isa = PBXBuildFile; fileRef = F33C76ECC26A5B884A2EFA0F /* Pods_TPM_VendorTests.framework */; };
		7A3DEAD95A802CD6C72444F7 /* Pods_TPM_Vendor.framework in Frameworks */ = {isa = PBXBuildFile; fileRef = B686F99E74FB6FD277023E10 /* Pods_TPM_Vendor.framework */; };
		BF15B966244ACFF600047AA0 /* AppDelegate.swift in Sources */ = {isa = PBXBuildFile; fileRef = BF15B965244ACFF600047AA0 /* AppDelegate.swift */; };
		BF15B96A244ACFF600047AA0 /* ViewController.swift in Sources */ = {isa = PBXBuildFile; fileRef = BF15B969244ACFF600047AA0 /* ViewController.swift */; };
		BF15B96D244ACFF600047AA0 /* Main.storyboard in Resources */ = {isa = PBXBuildFile; fileRef = BF15B96B244ACFF600047AA0 /* Main.storyboard */; };
		BF15B96F244ACFF700047AA0 /* Assets.xcassets in Resources */ = {isa = PBXBuildFile; fileRef = BF15B96E244ACFF700047AA0 /* Assets.xcassets */; };
		BF15B972244ACFF700047AA0 /* LaunchScreen.storyboard in Resources */ = {isa = PBXBuildFile; fileRef = BF15B970244ACFF700047AA0 /* LaunchScreen.storyboard */; };
		BF15B97D244ACFF800047AA0 /* TPM_VendorTests.swift in Sources */ = {isa = PBXBuildFile; fileRef = BF15B97C244ACFF800047AA0 /* TPM_VendorTests.swift */; };
		BF15B988244ACFF800047AA0 /* TPM_VendorUITests.swift in Sources */ = {isa = PBXBuildFile; fileRef = BF15B987244ACFF800047AA0 /* TPM_VendorUITests.swift */; };
		C22CFC905239C4640980FDB3 /* Pods_TPM_Vendor_TPM_VendorUITests.framework in Frameworks */ = {isa = PBXBuildFile; fileRef = 0B5778996959F18F0DF78426 /* Pods_TPM_Vendor_TPM_VendorUITests.framework */; };
/* End PBXBuildFile section */

/* Begin PBXContainerItemProxy section */
		BF15B979244ACFF800047AA0 /* PBXContainerItemProxy */ = {
			isa = PBXContainerItemProxy;
			containerPortal = BF15B95A244ACFF600047AA0 /* Project object */;
			proxyType = 1;
			remoteGlobalIDString = BF15B961244ACFF600047AA0;
			remoteInfo = "TPM Vendor";
		};
		BF15B984244ACFF800047AA0 /* PBXContainerItemProxy */ = {
			isa = PBXContainerItemProxy;
			containerPortal = BF15B95A244ACFF600047AA0 /* Project object */;
			proxyType = 1;
			remoteGlobalIDString = BF15B961244ACFF600047AA0;
			remoteInfo = "TPM Vendor";
		};
/* End PBXContainerItemProxy section */

/* Begin PBXFileReference section */
		0B5778996959F18F0DF78426 /* Pods_TPM_Vendor_TPM_VendorUITests.framework */ = {isa = PBXFileReference; explicitFileType = wrapper.framework; includeInIndex = 0; path = Pods_TPM_Vendor_TPM_VendorUITests.framework; sourceTree = BUILT_PRODUCTS_DIR; };
		151D098ED2978B52F4C4A85B /* Pods-TPM_Vendor.release.xcconfig */ = {isa = PBXFileReference; includeInIndex = 1; lastKnownFileType = text.xcconfig; name = "Pods-TPM_Vendor.release.xcconfig"; path = "Target Support Files/Pods-TPM_Vendor/Pods-TPM_Vendor.release.xcconfig"; sourceTree = "<group>"; };
		3F409E4B2A66710CB0C2B0C0 /* Pods-TPM_VendorTests.debug.xcconfig */ = {isa = PBXFileReference; includeInIndex = 1; lastKnownFileType = text.xcconfig; name = "Pods-TPM_VendorTests.debug.xcconfig"; path = "Target Support Files/Pods-TPM_VendorTests/Pods-TPM_VendorTests.debug.xcconfig"; sourceTree = "<group>"; };
		442795E21678195CC99CEB88 /* Pods-TPM_Vendor.debug.xcconfig */ = {isa = PBXFileReference; includeInIndex = 1; lastKnownFileType = text.xcconfig; name = "Pods-TPM_Vendor.debug.xcconfig"; path = "Target Support Files/Pods-TPM_Vendor/Pods-TPM_Vendor.debug.xcconfig"; sourceTree = "<group>"; };
		79CBBE24FEA869421D17E53B /* Pods-TPM_Vendor-TPM_VendorUITests.release.xcconfig */ = {isa = PBXFileReference; includeInIndex = 1; lastKnownFileType = text.xcconfig; name = "Pods-TPM_Vendor-TPM_VendorUITests.release.xcconfig"; path = "Target Support Files/Pods-TPM_Vendor-TPM_VendorUITests/Pods-TPM_Vendor-TPM_VendorUITests.release.xcconfig"; sourceTree = "<group>"; };
		9E522EFA1CDFDBE7E2EACAFE /* Pods-TPM_Vendor-TPM_VendorUITests.debug.xcconfig */ = {isa = PBXFileReference; includeInIndex = 1; lastKnownFileType = text.xcconfig; name = "Pods-TPM_Vendor-TPM_VendorUITests.debug.xcconfig"; path = "Target Support Files/Pods-TPM_Vendor-TPM_VendorUITests/Pods-TPM_Vendor-TPM_VendorUITests.debug.xcconfig"; sourceTree = "<group>"; };
		AF3AE77CAA7238A4055CEDF7 /* Pods-TPM_VendorTests.release.xcconfig */ = {isa = PBXFileReference; includeInIndex = 1; lastKnownFileType = text.xcconfig; name = "Pods-TPM_VendorTests.release.xcconfig"; path = "Target Support Files/Pods-TPM_VendorTests/Pods-TPM_VendorTests.release.xcconfig"; sourceTree = "<group>"; };
		B686F99E74FB6FD277023E10 /* Pods_TPM_Vendor.framework */ = {isa = PBXFileReference; explicitFileType = wrapper.framework; includeInIndex = 0; path = Pods_TPM_Vendor.framework; sourceTree = BUILT_PRODUCTS_DIR; };
		BF15B962244ACFF600047AA0 /* TPM_Vendor.app */ = {isa = PBXFileReference; explicitFileType = wrapper.application; includeInIndex = 0; path = TPM_Vendor.app; sourceTree = BUILT_PRODUCTS_DIR; };
		BF15B965244ACFF600047AA0 /* AppDelegate.swift */ = {isa = PBXFileReference; lastKnownFileType = sourcecode.swift; path = AppDelegate.swift; sourceTree = "<group>"; };
		BF15B969244ACFF600047AA0 /* ViewController.swift */ = {isa = PBXFileReference; lastKnownFileType = sourcecode.swift; path = ViewController.swift; sourceTree = "<group>"; };
		BF15B96C244ACFF600047AA0 /* Base */ = {isa = PBXFileReference; lastKnownFileType = file.storyboard; name = Base; path = Base.lproj/Main.storyboard; sourceTree = "<group>"; };
		BF15B96E244ACFF700047AA0 /* Assets.xcassets */ = {isa = PBXFileReference; lastKnownFileType = folder.assetcatalog; path = Assets.xcassets; sourceTree = "<group>"; };
		BF15B971244ACFF700047AA0 /* Base */ = {isa = PBXFileReference; lastKnownFileType = file.storyboard; name = Base; path = Base.lproj/LaunchScreen.storyboard; sourceTree = "<group>"; };
		BF15B973244ACFF700047AA0 /* Info.plist */ = {isa = PBXFileReference; lastKnownFileType = text.plist.xml; path = Info.plist; sourceTree = "<group>"; };
		BF15B978244ACFF800047AA0 /* TPM_VendorTests.xctest */ = {isa = PBXFileReference; explicitFileType = wrapper.cfbundle; includeInIndex = 0; path = TPM_VendorTests.xctest; sourceTree = BUILT_PRODUCTS_DIR; };
		BF15B97C244ACFF800047AA0 /* TPM_VendorTests.swift */ = {isa = PBXFileReference; lastKnownFileType = sourcecode.swift; path = TPM_VendorTests.swift; sourceTree = "<group>"; };
		BF15B97E244ACFF800047AA0 /* Info.plist */ = {isa = PBXFileReference; lastKnownFileType = text.plist.xml; path = Info.plist; sourceTree = "<group>"; };
		BF15B983244ACFF800047AA0 /* TPM_VendorUITests.xctest */ = {isa = PBXFileReference; explicitFileType = wrapper.cfbundle; includeInIndex = 0; path = TPM_VendorUITests.xctest; sourceTree = BUILT_PRODUCTS_DIR; };
		BF15B987244ACFF800047AA0 /* TPM_VendorUITests.swift */ = {isa = PBXFileReference; lastKnownFileType = sourcecode.swift; path = TPM_VendorUITests.swift; sourceTree = "<group>"; };
		BF15B989244ACFF800047AA0 /* Info.plist */ = {isa = PBXFileReference; lastKnownFileType = text.plist.xml; path = Info.plist; sourceTree = "<group>"; };
		F33C76ECC26A5B884A2EFA0F /* Pods_TPM_VendorTests.framework */ = {isa = PBXFileReference; explicitFileType = wrapper.framework; includeInIndex = 0; path = Pods_TPM_VendorTests.framework; sourceTree = BUILT_PRODUCTS_DIR; };
/* End PBXFileReference section */

/* Begin PBXFrameworksBuildPhase section */
		BF15B95F244ACFF600047AA0 /* Frameworks */ = {
			isa = PBXFrameworksBuildPhase;
			buildActionMask = 2147483647;
			files = (
				7A3DEAD95A802CD6C72444F7 /* Pods_TPM_Vendor.framework in Frameworks */,
			);
			runOnlyForDeploymentPostprocessing = 0;
		};
		BF15B975244ACFF800047AA0 /* Frameworks */ = {
			isa = PBXFrameworksBuildPhase;
			buildActionMask = 2147483647;
			files = (
				0C23A33982EACDEF25E80AAE /* Pods_TPM_VendorTests.framework in Frameworks */,
			);
			runOnlyForDeploymentPostprocessing = 0;
		};
		BF15B980244ACFF800047AA0 /* Frameworks */ = {
			isa = PBXFrameworksBuildPhase;
			buildActionMask = 2147483647;
			files = (
				C22CFC905239C4640980FDB3 /* Pods_TPM_Vendor_TPM_VendorUITests.framework in Frameworks */,
			);
			runOnlyForDeploymentPostprocessing = 0;
		};
/* End PBXFrameworksBuildPhase section */

/* Begin PBXGroup section */
		0178E94CCE82103099FDB869 /* Pods */ = {
			isa = PBXGroup;
			children = (
				442795E21678195CC99CEB88 /* Pods-TPM_Vendor.debug.xcconfig */,
				151D098ED2978B52F4C4A85B /* Pods-TPM_Vendor.release.xcconfig */,
				9E522EFA1CDFDBE7E2EACAFE /* Pods-TPM_Vendor-TPM_VendorUITests.debug.xcconfig */,
				79CBBE24FEA869421D17E53B /* Pods-TPM_Vendor-TPM_VendorUITests.release.xcconfig */,
				3F409E4B2A66710CB0C2B0C0 /* Pods-TPM_VendorTests.debug.xcconfig */,
				AF3AE77CAA7238A4055CEDF7 /* Pods-TPM_VendorTests.release.xcconfig */,
			);
			name = Pods;
			path = Pods;
			sourceTree = "<group>";
		};
		3E3C344B9EF0F38CCD37B8E7 /* Frameworks */ = {
			isa = PBXGroup;
			children = (
				B686F99E74FB6FD277023E10 /* Pods_TPM_Vendor.framework */,
				0B5778996959F18F0DF78426 /* Pods_TPM_Vendor_TPM_VendorUITests.framework */,
				F33C76ECC26A5B884A2EFA0F /* Pods_TPM_VendorTests.framework */,
			);
			name = Frameworks;
			sourceTree = "<group>";
		};
		BF15B959244ACFF600047AA0 = {
			isa = PBXGroup;
			children = (
				BF15B964244ACFF600047AA0 /* TPM Vendor */,
				BF15B97B244ACFF800047AA0 /* TPM VendorTests */,
				BF15B986244ACFF800047AA0 /* TPM VendorUITests */,
				BF15B963244ACFF600047AA0 /* Products */,
				0178E94CCE82103099FDB869 /* Pods */,
				3E3C344B9EF0F38CCD37B8E7 /* Frameworks */,
			);
			sourceTree = "<group>";
		};
		BF15B963244ACFF600047AA0 /* Products */ = {
			isa = PBXGroup;
			children = (
				BF15B962244ACFF600047AA0 /* TPM_Vendor.app */,
				BF15B978244ACFF800047AA0 /* TPM_VendorTests.xctest */,
				BF15B983244ACFF800047AA0 /* TPM_VendorUITests.xctest */,
			);
			name = Products;
			sourceTree = "<group>";
		};
		BF15B964244ACFF600047AA0 /* TPM Vendor */ = {
			isa = PBXGroup;
			children = (
				BF15B965244ACFF600047AA0 /* AppDelegate.swift */,
				BF15B969244ACFF600047AA0 /* ViewController.swift */,
				BF15B96B244ACFF600047AA0 /* Main.storyboard */,
				BF15B96E244ACFF700047AA0 /* Assets.xcassets */,
				BF15B970244ACFF700047AA0 /* LaunchScreen.storyboard */,
				BF15B973244ACFF700047AA0 /* Info.plist */,
			);
			name = "TPM Vendor";
			path = TPM_Vendor;
			sourceTree = "<group>";
		};
		BF15B97B244ACFF800047AA0 /* TPM VendorTests */ = {
			isa = PBXGroup;
			children = (
				BF15B97C244ACFF800047AA0 /* TPM_VendorTests.swift */,
				BF15B97E244ACFF800047AA0 /* Info.plist */,
			);
			name = "TPM VendorTests";
			path = TPM_VendorTests;
			sourceTree = "<group>";
		};
		BF15B986244ACFF800047AA0 /* TPM VendorUITests */ = {
			isa = PBXGroup;
			children = (
				BF15B987244ACFF800047AA0 /* TPM_VendorUITests.swift */,
				BF15B989244ACFF800047AA0 /* Info.plist */,
			);
			name = "TPM VendorUITests";
			path = TPM_VendorUITests;
			sourceTree = "<group>";
		};
/* End PBXGroup section */

/* Begin PBXNativeTarget section */
		BF15B961244ACFF600047AA0 /* TPM_Vendor */ = {
			isa = PBXNativeTarget;
			buildConfigurationList = BF15B98C244ACFF800047AA0 /* Build configuration list for PBXNativeTarget "TPM_Vendor" */;
			buildPhases = (
				0D029424454E0C386721F00F /* [CP] Check Pods Manifest.lock */,
				BF15B95E244ACFF600047AA0 /* Sources */,
				BF15B95F244ACFF600047AA0 /* Frameworks */,
				BF15B960244ACFF600047AA0 /* Resources */,
				7EA80796E4F3B0F1D2B746B8 /* [CP] Embed Pods Frameworks */,
			);
			buildRules = (
			);
			dependencies = (
			);
			name = TPM_Vendor;
			productName = "TPM Vendor";
			productReference = BF15B962244ACFF600047AA0 /* TPM_Vendor.app */;
			productType = "com.apple.product-type.application";
		};
		BF15B977244ACFF800047AA0 /* TPM_VendorTests */ = {
			isa = PBXNativeTarget;
			buildConfigurationList = BF15B98F244ACFF800047AA0 /* Build configuration list for PBXNativeTarget "TPM_VendorTests" */;
			buildPhases = (
				8A6F700DFA346C4978B154E4 /* [CP] Check Pods Manifest.lock */,
				BF15B974244ACFF800047AA0 /* Sources */,
				BF15B975244ACFF800047AA0 /* Frameworks */,
				BF15B976244ACFF800047AA0 /* Resources */,
			);
			buildRules = (
			);
			dependencies = (
				BF15B97A244ACFF800047AA0 /* PBXTargetDependency */,
			);
			name = TPM_VendorTests;
			productName = "TPM VendorTests";
			productReference = BF15B978244ACFF800047AA0 /* TPM_VendorTests.xctest */;
			productType = "com.apple.product-type.bundle.unit-test";
		};
		BF15B982244ACFF800047AA0 /* TPM_VendorUITests */ = {
			isa = PBXNativeTarget;
			buildConfigurationList = BF15B992244ACFF800047AA0 /* Build configuration list for PBXNativeTarget "TPM_VendorUITests" */;
			buildPhases = (
				C984B8FD60D367FB9FD0C8BE /* [CP] Check Pods Manifest.lock */,
				BF15B97F244ACFF800047AA0 /* Sources */,
				BF15B980244ACFF800047AA0 /* Frameworks */,
				BF15B981244ACFF800047AA0 /* Resources */,
				393B5866B7A4D80A48AC0025 /* [CP] Embed Pods Frameworks */,
			);
			buildRules = (
			);
			dependencies = (
				BF15B985244ACFF800047AA0 /* PBXTargetDependency */,
			);
			name = TPM_VendorUITests;
			productName = "TPM VendorUITests";
			productReference = BF15B983244ACFF800047AA0 /* TPM_VendorUITests.xctest */;
			productType = "com.apple.product-type.bundle.ui-testing";
		};
/* End PBXNativeTarget section */

/* Begin PBXProject section */
		BF15B95A244ACFF600047AA0 /* Project object */ = {
			isa = PBXProject;
			attributes = {
				LastSwiftUpdateCheck = 1130;
				LastUpgradeCheck = 1130;
				ORGANIZATIONNAME = SHIKHA;
				TargetAttributes = {
					BF15B961244ACFF600047AA0 = {
						CreatedOnToolsVersion = 11.3.1;
					};
					BF15B977244ACFF800047AA0 = {
						CreatedOnToolsVersion = 11.3.1;
						TestTargetID = BF15B961244ACFF600047AA0;
					};
					BF15B982244ACFF800047AA0 = {
						CreatedOnToolsVersion = 11.3.1;
						TestTargetID = BF15B961244ACFF600047AA0;
					};
				};
			};
			buildConfigurationList = BF15B95D244ACFF600047AA0 /* Build configuration list for PBXProject "TPM_Vendor" */;
			compatibilityVersion = "Xcode 9.3";
			developmentRegion = en;
			hasScannedForEncodings = 0;
			knownRegions = (
				en,
				Base,
			);
			mainGroup = BF15B959244ACFF600047AA0;
			productRefGroup = BF15B963244ACFF600047AA0 /* Products */;
			projectDirPath = "";
			projectRoot = "";
			targets = (
				BF15B961244ACFF600047AA0 /* TPM_Vendor */,
				BF15B977244ACFF800047AA0 /* TPM_VendorTests */,
				BF15B982244ACFF800047AA0 /* TPM_VendorUITests */,
			);
		};
/* End PBXProject section */

/* Begin PBXResourcesBuildPhase section */
		BF15B960244ACFF600047AA0 /* Resources */ = {
			isa = PBXResourcesBuildPhase;
			buildActionMask = 2147483647;
			files = (
				BF15B972244ACFF700047AA0 /* LaunchScreen.storyboard in Resources */,
				BF15B96F244ACFF700047AA0 /* Assets.xcassets in Resources */,
				BF15B96D244ACFF600047AA0 /* Main.storyboard in Resources */,
			);
			runOnlyForDeploymentPostprocessing = 0;
		};
		BF15B976244ACFF800047AA0 /* Resources */ = {
			isa = PBXResourcesBuildPhase;
			buildActionMask = 2147483647;
			files = (
			);
			runOnlyForDeploymentPostprocessing = 0;
		};
		BF15B981244ACFF800047AA0 /* Resources */ = {
			isa = PBXResourcesBuildPhase;
			buildActionMask = 2147483647;
			files = (
			);
			runOnlyForDeploymentPostprocessing = 0;
		};
/* End PBXResourcesBuildPhase section */

/* Begin PBXShellScriptBuildPhase section */
		0D029424454E0C386721F00F /* [CP] Check Pods Manifest.lock */ = {
			isa = PBXShellScriptBuildPhase;
			buildActionMask = 2147483647;
			files = (
			);
			inputFileListPaths = (
			);
			inputPaths = (
				"${PODS_PODFILE_DIR_PATH}/Podfile.lock",
				"${PODS_ROOT}/Manifest.lock",
			);
			name = "[CP] Check Pods Manifest.lock";
			outputFileListPaths = (
			);
			outputPaths = (
				"$(DERIVED_FILE_DIR)/Pods-TPM_Vendor-checkManifestLockResult.txt",
			);
			runOnlyForDeploymentPostprocessing = 0;
			shellPath = /bin/sh;
			shellScript = "diff \"${PODS_PODFILE_DIR_PATH}/Podfile.lock\" \"${PODS_ROOT}/Manifest.lock\" > /dev/null\nif [ $? != 0 ] ; then\n    # print error to STDERR\n    echo \"error: The sandbox is not in sync with the Podfile.lock. Run 'pod install' or update your CocoaPods installation.\" >&2\n    exit 1\nfi\n# This output is used by Xcode 'outputs' to avoid re-running this script phase.\necho \"SUCCESS\" > \"${SCRIPT_OUTPUT_FILE_0}\"\n";
			showEnvVarsInLog = 0;
		};
		393B5866B7A4D80A48AC0025 /* [CP] Embed Pods Frameworks */ = {
			isa = PBXShellScriptBuildPhase;
			buildActionMask = 2147483647;
			files = (
			);
			inputFileListPaths = (
				"${PODS_ROOT}/Target Support Files/Pods-TPM_Vendor-TPM_VendorUITests/Pods-TPM_Vendor-TPM_VendorUITests-frameworks-${CONFIGURATION}-input-files.xcfilelist",
			);
			name = "[CP] Embed Pods Frameworks";
			outputFileListPaths = (
				"${PODS_ROOT}/Target Support Files/Pods-TPM_Vendor-TPM_VendorUITests/Pods-TPM_Vendor-TPM_VendorUITests-frameworks-${CONFIGURATION}-output-files.xcfilelist",
			);
			runOnlyForDeploymentPostprocessing = 0;
			shellPath = /bin/sh;
			shellScript = "\"${PODS_ROOT}/Target Support Files/Pods-TPM_Vendor-TPM_VendorUITests/Pods-TPM_Vendor-TPM_VendorUITests-frameworks.sh\"\n";
			showEnvVarsInLog = 0;
		};
		7EA80796E4F3B0F1D2B746B8 /* [CP] Embed Pods Frameworks */ = {
			isa = PBXShellScriptBuildPhase;
			buildActionMask = 2147483647;
			files = (
			);
			inputFileListPaths = (
				"${PODS_ROOT}/Target Support Files/Pods-TPM_Vendor/Pods-TPM_Vendor-frameworks-${CONFIGURATION}-input-files.xcfilelist",
			);
			name = "[CP] Embed Pods Frameworks";
			outputFileListPaths = (
				"${PODS_ROOT}/Target Support Files/Pods-TPM_Vendor/Pods-TPM_Vendor-frameworks-${CONFIGURATION}-output-files.xcfilelist",
			);
			runOnlyForDeploymentPostprocessing = 0;
			shellPath = /bin/sh;
			shellScript = "\"${PODS_ROOT}/Target Support Files/Pods-TPM_Vendor/Pods-TPM_Vendor-frameworks.sh\"\n";
			showEnvVarsInLog = 0;
		};
		8A6F700DFA346C4978B154E4 /* [CP] Check Pods Manifest.lock */ = {
			isa = PBXShellScriptBuildPhase;
			buildActionMask = 2147483647;
			files = (
			);
			inputFileListPaths = (
			);
			inputPaths = (
				"${PODS_PODFILE_DIR_PATH}/Podfile.lock",
				"${PODS_ROOT}/Manifest.lock",
			);
			name = "[CP] Check Pods Manifest.lock";
			outputFileListPaths = (
			);
			outputPaths = (
				"$(DERIVED_FILE_DIR)/Pods-TPM_VendorTests-checkManifestLockResult.txt",
			);
			runOnlyForDeploymentPostprocessing = 0;
			shellPath = /bin/sh;
			shellScript = "diff \"${PODS_PODFILE_DIR_PATH}/Podfile.lock\" \"${PODS_ROOT}/Manifest.lock\" > /dev/null\nif [ $? != 0 ] ; then\n    # print error to STDERR\n    echo \"error: The sandbox is not in sync with the Podfile.lock. Run 'pod install' or update your CocoaPods installation.\" >&2\n    exit 1\nfi\n# This output is used by Xcode 'outputs' to avoid re-running this script phase.\necho \"SUCCESS\" > \"${SCRIPT_OUTPUT_FILE_0}\"\n";
			showEnvVarsInLog = 0;
		};
		C984B8FD60D367FB9FD0C8BE /* [CP] Check Pods Manifest.lock */ = {
			isa = PBXShellScriptBuildPhase;
			buildActionMask = 2147483647;
			files = (
			);
			inputFileListPaths = (
			);
			inputPaths = (
				"${PODS_PODFILE_DIR_PATH}/Podfile.lock",
				"${PODS_ROOT}/Manifest.lock",
			);
			name = "[CP] Check Pods Manifest.lock";
			outputFileListPaths = (
			);
			outputPaths = (
				"$(DERIVED_FILE_DIR)/Pods-TPM_Vendor-TPM_VendorUITests-checkManifestLockResult.txt",
			);
			runOnlyForDeploymentPostprocessing = 0;
			shellPath = /bin/sh;
			shellScript = "diff \"${PODS_PODFILE_DIR_PATH}/Podfile.lock\" \"${PODS_ROOT}/Manifest.lock\" > /dev/null\nif [ $? != 0 ] ; then\n    # print error to STDERR\n    echo \"error: The sandbox is not in sync with the Podfile.lock. Run 'pod install' or update your CocoaPods installation.\" >&2\n    exit 1\nfi\n# This output is used by Xcode 'outputs' to avoid re-running this script phase.\necho \"SUCCESS\" > \"${SCRIPT_OUTPUT_FILE_0}\"\n";
			showEnvVarsInLog = 0;
		};
/* End PBXShellScriptBuildPhase section */

/* Begin PBXSourcesBuildPhase section */
		BF15B95E244ACFF600047AA0 /* Sources */ = {
			isa = PBXSourcesBuildPhase;
			buildActionMask = 2147483647;
			files = (
				BF15B96A244ACFF600047AA0 /* ViewController.swift in Sources */,
				BF15B966244ACFF600047AA0 /* AppDelegate.swift in Sources */,
			);
			runOnlyForDeploymentPostprocessing = 0;
		};
		BF15B974244ACFF800047AA0 /* Sources */ = {
			isa = PBXSourcesBuildPhase;
			buildActionMask = 2147483647;
			files = (
				BF15B97D244ACFF800047AA0 /* TPM_VendorTests.swift in Sources */,
			);
			runOnlyForDeploymentPostprocessing = 0;
		};
		BF15B97F244ACFF800047AA0 /* Sources */ = {
			isa = PBXSourcesBuildPhase;
			buildActionMask = 2147483647;
			files = (
				BF15B988244ACFF800047AA0 /* TPM_VendorUITests.swift in Sources */,
			);
			runOnlyForDeploymentPostprocessing = 0;
		};
/* End PBXSourcesBuildPhase section */

/* Begin PBXTargetDependency section */
		BF15B97A244ACFF800047AA0 /* PBXTargetDependency */ = {
			isa = PBXTargetDependency;
			target = BF15B961244ACFF600047AA0 /* TPM_Vendor */;
			targetProxy = BF15B979244ACFF800047AA0 /* PBXContainerItemProxy */;
		};
		BF15B985244ACFF800047AA0 /* PBXTargetDependency */ = {
			isa = PBXTargetDependency;
			target = BF15B961244ACFF600047AA0 /* TPM_Vendor */;
			targetProxy = BF15B984244ACFF800047AA0 /* PBXContainerItemProxy */;
		};
/* End PBXTargetDependency section */

/* Begin PBXVariantGroup section */
		BF15B96B244ACFF600047AA0 /* Main.storyboard */ = {
			isa = PBXVariantGroup;
			children = (
				BF15B96C244ACFF600047AA0 /* Base */,
			);
			name = Main.storyboard;
			sourceTree = "<group>";
		};
		BF15B970244ACFF700047AA0 /* LaunchScreen.storyboard */ = {
			isa = PBXVariantGroup;
			children = (
				BF15B971244ACFF700047AA0 /* Base */,
			);
			name = LaunchScreen.storyboard;
			sourceTree = "<group>";
		};
/* End PBXVariantGroup section */

/* Begin XCBuildConfiguration section */
		BF15B98A244ACFF800047AA0 /* Debug */ = {
			isa = XCBuildConfiguration;
			buildSettings = {
				ALWAYS_SEARCH_USER_PATHS = NO;
				CLANG_ANALYZER_NONNULL = YES;
				CLANG_ANALYZER_NUMBER_OBJECT_CONVERSION = YES_AGGRESSIVE;
				CLANG_CXX_LANGUAGE_STANDARD = "gnu++14";
				CLANG_CXX_LIBRARY = "libc++";
				CLANG_ENABLE_MODULES = YES;
				CLANG_ENABLE_OBJC_ARC = YES;
				CLANG_ENABLE_OBJC_WEAK = YES;
				CLANG_WARN_BLOCK_CAPTURE_AUTORELEASING = YES;
				CLANG_WARN_BOOL_CONVERSION = YES;
				CLANG_WARN_COMMA = YES;
				CLANG_WARN_CONSTANT_CONVERSION = YES;
				CLANG_WARN_DEPRECATED_OBJC_IMPLEMENTATIONS = YES;
				CLANG_WARN_DIRECT_OBJC_ISA_USAGE = YES_ERROR;
				CLANG_WARN_DOCUMENTATION_COMMENTS = YES;
				CLANG_WARN_EMPTY_BODY = YES;
				CLANG_WARN_ENUM_CONVERSION = YES;
				CLANG_WARN_INFINITE_RECURSION = YES;
				CLANG_WARN_INT_CONVERSION = YES;
				CLANG_WARN_NON_LITERAL_NULL_CONVERSION = YES;
				CLANG_WARN_OBJC_IMPLICIT_RETAIN_SELF = YES;
				CLANG_WARN_OBJC_LITERAL_CONVERSION = YES;
				CLANG_WARN_OBJC_ROOT_CLASS = YES_ERROR;
				CLANG_WARN_RANGE_LOOP_ANALYSIS = YES;
				CLANG_WARN_STRICT_PROTOTYPES = YES;
				CLANG_WARN_SUSPICIOUS_MOVE = YES;
				CLANG_WARN_UNGUARDED_AVAILABILITY = YES_AGGRESSIVE;
				CLANG_WARN_UNREACHABLE_CODE = YES;
				CLANG_WARN__DUPLICATE_METHOD_MATCH = YES;
				COPY_PHASE_STRIP = NO;
				DEBUG_INFORMATION_FORMAT = dwarf;
				ENABLE_STRICT_OBJC_MSGSEND = YES;
				ENABLE_TESTABILITY = YES;
				GCC_C_LANGUAGE_STANDARD = gnu11;
				GCC_DYNAMIC_NO_PIC = NO;
				GCC_NO_COMMON_BLOCKS = YES;
				GCC_OPTIMIZATION_LEVEL = 0;
				GCC_PREPROCESSOR_DEFINITIONS = (
					"DEBUG=1",
					"$(inherited)",
				);
				GCC_WARN_64_TO_32_BIT_CONVERSION = YES;
				GCC_WARN_ABOUT_RETURN_TYPE = YES_ERROR;
				GCC_WARN_UNDECLARED_SELECTOR = YES;
				GCC_WARN_UNINITIALIZED_AUTOS = YES_AGGRESSIVE;
				GCC_WARN_UNUSED_FUNCTION = YES;
				GCC_WARN_UNUSED_VARIABLE = YES;
				IPHONEOS_DEPLOYMENT_TARGET = 13.2;
				MTL_ENABLE_DEBUG_INFO = INCLUDE_SOURCE;
				MTL_FAST_MATH = YES;
				ONLY_ACTIVE_ARCH = YES;
				SDKROOT = iphoneos;
				SWIFT_ACTIVE_COMPILATION_CONDITIONS = DEBUG;
				SWIFT_OPTIMIZATION_LEVEL = "-Onone";
			};
			name = Debug;
		};
		BF15B98B244ACFF800047AA0 /* Release */ = {
			isa = XCBuildConfiguration;
			buildSettings = {
				ALWAYS_SEARCH_USER_PATHS = NO;
				CLANG_ANALYZER_NONNULL = YES;
				CLANG_ANALYZER_NUMBER_OBJECT_CONVERSION = YES_AGGRESSIVE;
				CLANG_CXX_LANGUAGE_STANDARD = "gnu++14";
				CLANG_CXX_LIBRARY = "libc++";
				CLANG_ENABLE_MODULES = YES;
				CLANG_ENABLE_OBJC_ARC = YES;
				CLANG_ENABLE_OBJC_WEAK = YES;
				CLANG_WARN_BLOCK_CAPTURE_AUTORELEASING = YES;
				CLANG_WARN_BOOL_CONVERSION = YES;
				CLANG_WARN_COMMA = YES;
				CLANG_WARN_CONSTANT_CONVERSION = YES;
				CLANG_WARN_DEPRECATED_OBJC_IMPLEMENTATIONS = YES;
				CLANG_WARN_DIRECT_OBJC_ISA_USAGE = YES_ERROR;
				CLANG_WARN_DOCUMENTATION_COMMENTS = YES;
				CLANG_WARN_EMPTY_BODY = YES;
				CLANG_WARN_ENUM_CONVERSION = YES;
				CLANG_WARN_INFINITE_RECURSION = YES;
				CLANG_WARN_INT_CONVERSION = YES;
				CLANG_WARN_NON_LITERAL_NULL_CONVERSION = YES;
				CLANG_WARN_OBJC_IMPLICIT_RETAIN_SELF = YES;
				CLANG_WARN_OBJC_LITERAL_CONVERSION = YES;
				CLANG_WARN_OBJC_ROOT_CLASS = YES_ERROR;
				CLANG_WARN_RANGE_LOOP_ANALYSIS = YES;
				CLANG_WARN_STRICT_PROTOTYPES = YES;
				CLANG_WARN_SUSPICIOUS_MOVE = YES;
				CLANG_WARN_UNGUARDED_AVAILABILITY = YES_AGGRESSIVE;
				CLANG_WARN_UNREACHABLE_CODE = YES;
				CLANG_WARN__DUPLICATE_METHOD_MATCH = YES;
				COPY_PHASE_STRIP = NO;
				DEBUG_INFORMATION_FORMAT = "dwarf-with-dsym";
				ENABLE_NS_ASSERTIONS = NO;
				ENABLE_STRICT_OBJC_MSGSEND = YES;
				GCC_C_LANGUAGE_STANDARD = gnu11;
				GCC_NO_COMMON_BLOCKS = YES;
				GCC_WARN_64_TO_32_BIT_CONVERSION = YES;
				GCC_WARN_ABOUT_RETURN_TYPE = YES_ERROR;
				GCC_WARN_UNDECLARED_SELECTOR = YES;
				GCC_WARN_UNINITIALIZED_AUTOS = YES_AGGRESSIVE;
				GCC_WARN_UNUSED_FUNCTION = YES;
				GCC_WARN_UNUSED_VARIABLE = YES;
				IPHONEOS_DEPLOYMENT_TARGET = 13.2;
				MTL_ENABLE_DEBUG_INFO = NO;
				MTL_FAST_MATH = YES;
				SDKROOT = iphoneos;
				SWIFT_COMPILATION_MODE = wholemodule;
				SWIFT_OPTIMIZATION_LEVEL = "-O";
				VALIDATE_PRODUCT = YES;
			};
			name = Release;
		};
		BF15B98D244ACFF800047AA0 /* Debug */ = {
			isa = XCBuildConfiguration;
			baseConfigurationReference = 442795E21678195CC99CEB88 /* Pods-TPM_Vendor.debug.xcconfig */;
			buildSettings = {
				ASSETCATALOG_COMPILER_APPICON_NAME = AppIcon;
				CODE_SIGN_STYLE = Manual;
				DEVELOPMENT_TEAM = "";
				INFOPLIST_FILE = "$(SRCROOT)/TPM_Vendor/Info.plist";
				LD_RUNPATH_SEARCH_PATHS = (
					"$(inherited)",
					"@executable_path/Frameworks",
				);
				PRODUCT_BUNDLE_IDENTIFIER = "com.tpmvendor.TPM-Vendor";
				PRODUCT_NAME = "$(TARGET_NAME)";
				PROVISIONING_PROFILE_SPECIFIER = "";
				SWIFT_VERSION = 5.0;
				TARGETED_DEVICE_FAMILY = "1,2";
			};
			name = Debug;
		};
		BF15B98E244ACFF800047AA0 /* Release */ = {
			isa = XCBuildConfiguration;
			baseConfigurationReference = 151D098ED2978B52F4C4A85B /* Pods-TPM_Vendor.release.xcconfig */;
			buildSettings = {
				ASSETCATALOG_COMPILER_APPICON_NAME = AppIcon;
				CODE_SIGN_STYLE = Manual;
				DEVELOPMENT_TEAM = "";
				INFOPLIST_FILE = "$(SRCROOT)/TPM_Vendor/Info.plist";
				LD_RUNPATH_SEARCH_PATHS = (
					"$(inherited)",
					"@executable_path/Frameworks",
				);
				PRODUCT_BUNDLE_IDENTIFIER = "com.tpmvendor.TPM-Vendor";
				PRODUCT_NAME = "$(TARGET_NAME)";
				PROVISIONING_PROFILE_SPECIFIER = "";
				SWIFT_VERSION = 5.0;
				TARGETED_DEVICE_FAMILY = "1,2";
			};
			name = Release;
		};
		BF15B990244ACFF800047AA0 /* Debug */ = {
			isa = XCBuildConfiguration;
			baseConfigurationReference = 3F409E4B2A66710CB0C2B0C0 /* Pods-TPM_VendorTests.debug.xcconfig */;
			buildSettings = {
				ALWAYS_EMBED_SWIFT_STANDARD_LIBRARIES = YES;
				BUNDLE_LOADER = "$(TEST_HOST)";
				CODE_SIGN_STYLE = Automatic;
				INFOPLIST_FILE = "TPM VendorTests/Info.plist";
				IPHONEOS_DEPLOYMENT_TARGET = 13.2;
				LD_RUNPATH_SEARCH_PATHS = (
					"$(inherited)",
					"@executable_path/Frameworks",
					"@loader_path/Frameworks",
				);
				PRODUCT_BUNDLE_IDENTIFIER = "com.tpmvendor.TPM-VendorTests";
				PRODUCT_NAME = "$(TARGET_NAME)";
				SWIFT_VERSION = 5.0;
				TARGETED_DEVICE_FAMILY = "1,2";
				TEST_HOST = "$(BUILT_PRODUCTS_DIR)/TPM_Vendor.app/TPM_Vendor";
			};
			name = Debug;
		};
		BF15B991244ACFF800047AA0 /* Release */ = {
			isa = XCBuildConfiguration;
			baseConfigurationReference = AF3AE77CAA7238A4055CEDF7 /* Pods-TPM_VendorTests.release.xcconfig */;
			buildSettings = {
				ALWAYS_EMBED_SWIFT_STANDARD_LIBRARIES = YES;
				BUNDLE_LOADER = "$(TEST_HOST)";
				CODE_SIGN_STYLE = Automatic;
				INFOPLIST_FILE = "TPM VendorTests/Info.plist";
				IPHONEOS_DEPLOYMENT_TARGET = 13.2;
				LD_RUNPATH_SEARCH_PATHS = (
					"$(inherited)",
					"@executable_path/Frameworks",
					"@loader_path/Frameworks",
				);
				PRODUCT_BUNDLE_IDENTIFIER = "com.tpmvendor.TPM-VendorTests";
				PRODUCT_NAME = "$(TARGET_NAME)";
				SWIFT_VERSION = 5.0;
				TARGETED_DEVICE_FAMILY = "1,2";
				TEST_HOST = "$(BUILT_PRODUCTS_DIR)/TPM_Vendor.app/TPM_Vendor";
			};
			name = Release;
		};
		BF15B993244ACFF800047AA0 /* Debug */ = {
			isa = XCBuildConfiguration;
			baseConfigurationReference = 9E522EFA1CDFDBE7E2EACAFE /* Pods-TPM_Vendor-TPM_VendorUITests.debug.xcconfig */;
			buildSettings = {
				ALWAYS_EMBED_SWIFT_STANDARD_LIBRARIES = YES;
				CODE_SIGN_STYLE = Automatic;
				INFOPLIST_FILE = "TPM VendorUITests/Info.plist";
				LD_RUNPATH_SEARCH_PATHS = (
					"$(inherited)",
					"@executable_path/Frameworks",
					"@loader_path/Frameworks",
				);
				PRODUCT_BUNDLE_IDENTIFIER = "com.tpmvendor.TPM-VendorUITests";
				PRODUCT_NAME = "$(TARGET_NAME)";
				SWIFT_VERSION = 5.0;
				TARGETED_DEVICE_FAMILY = "1,2";
				TEST_TARGET_NAME = "TPM Vendor";
			};
			name = Debug;
		};
		BF15B994244ACFF800047AA0 /* Release */ = {
			isa = XCBuildConfiguration;
			baseConfigurationReference = 79CBBE24FEA869421D17E53B /* Pods-TPM_Vendor-TPM_VendorUITests.release.xcconfig */;
			buildSettings = {
				ALWAYS_EMBED_SWIFT_STANDARD_LIBRARIES = YES;
				CODE_SIGN_STYLE = Automatic;
				INFOPLIST_FILE = "TPM VendorUITests/Info.plist";
				LD_RUNPATH_SEARCH_PATHS = (
					"$(inherited)",
					"@executable_path/Frameworks",
					"@loader_path/Frameworks",
				);
				PRODUCT_BUNDLE_IDENTIFIER = "com.tpmvendor.TPM-VendorUITests";
				PRODUCT_NAME = "$(TARGET_NAME)";
				SWIFT_VERSION = 5.0;
				TARGETED_DEVICE_FAMILY = "1,2";
				TEST_TARGET_NAME = "TPM Vendor";
			};
			name = Release;
		};
/* End XCBuildConfiguration section */

/* Begin XCConfigurationList section */
		BF15B95D244ACFF600047AA0 /* Build configuration list for PBXProject "TPM_Vendor" */ = {
			isa = XCConfigurationList;
			buildConfigurations = (
				BF15B98A244ACFF800047AA0 /* Debug */,
				BF15B98B244ACFF800047AA0 /* Release */,
			);
			defaultConfigurationIsVisible = 0;
			defaultConfigurationName = Release;
		};
		BF15B98C244ACFF800047AA0 /* Build configuration list for PBXNativeTarget "TPM_Vendor" */ = {
			isa = XCConfigurationList;
			buildConfigurations = (
				BF15B98D244ACFF800047AA0 /* Debug */,
				BF15B98E244ACFF800047AA0 /* Release */,
			);
			defaultConfigurationIsVisible = 0;
			defaultConfigurationName = Release;
		};
		BF15B98F244ACFF800047AA0 /* Build configuration list for PBXNativeTarget "TPM_VendorTests" */ = {
			isa = XCConfigurationList;
			buildConfigurations = (
				BF15B990244ACFF800047AA0 /* Debug */,
				BF15B991244ACFF800047AA0 /* Release */,
			);
			defaultConfigurationIsVisible = 0;
			defaultConfigurationName = Release;
		};
		BF15B992244ACFF800047AA0 /* Build configuration list for PBXNativeTarget "TPM_VendorUITests" */ = {
			isa = XCConfigurationList;
			buildConfigurations = (
				BF15B993244ACFF800047AA0 /* Debug */,
				BF15B994244ACFF800047AA0 /* Release */,
			);
			defaultConfigurationIsVisible = 0;
			defaultConfigurationName = Release;
		};
/* End XCConfigurationList section */
	};
	rootObject = BF15B95A244ACFF600047AA0 /* Project object */;
}
